
Microsoft Visual Studio Solution File, Format Version 12.00
# Visual Studio Version 17
VisualStudioVersion = 17.14.37012.4
MinimumVisualStudioVersion = 10.0.40219.1
Project("{FAE04EC0-301F-11D3-BF4B-00C04F79EFBC}") = "DumpViewer", "DumpViewer.csproj", "{54B13571-1BCB-4760-962C-558B05E9F78E}"
	ProjectSection(ProjectDependencies) = postProject
		{A08E9CDE-985E-4E78-BE4C-0E051DCCFFE1} = {A08E9CDE-985E-4E78-BE4C-0E051DCCFFE1}
	EndProjectSection
EndProject
Project("{8BC9CEB8-8B4A-11D0-8D11-00A0C91BC942}") = "DumpViewerDLL", "DumpViewerDLL\DumpViewerDLL.vcxproj", "{A08E9CDE-985E-4E78-BE4C-0E051DCCFFE1}"
EndProject
Project("{8BC9CEB8-8B4A-11D0-8D11-00A0C91BC942}") = "KernelModule", "KernelModule\KernelModule.vcxproj", "{CB52C853-A496-E08F-4C81-29F605846E56}"
EndProject
Global
	GlobalSection(SolutionConfigurationPlatforms) = preSolution
		Debug|Any CPU = Debug|Any CPU
		Debug|x64 = Debug|x64
		Debug|x86 = Debug|x86
		Release|Any CPU = Release|Any CPU
		Release|x64 = Release|x64
		Release|x86 = Release|x86
	EndGlobalSection
	GlobalSection(ProjectConfigurationPlatforms) = postSolution
		{54B13571-1BCB-4760-962C-558B05E9F78E}.Debug|Any CPU.ActiveCfg = Debug|Any CPU
		{54B13571-1BCB-4760-962C-558B05E9F78E}.Debug|Any CPU.Build.0 = Debug|Any CPU
		{54B13571-1BCB-4760-962C-558B05E9F78E}.Debug|x64.ActiveCfg = Debug|Any CPU
		{54B13571-1BCB-4760-962C-558B05E9F78E}.Debug|x64.Build.0 = Debug|Any CPU
		{54B13571-1BCB-4760-962C-558B05E9F78E}.Debug|x86.ActiveCfg = Debug|Any CPU
		{54B13571-1BCB-4760-962C-558B05E9F78E}.Debug|x86.Build.0 = Debug|Any CPU
		{54B13571-1BCB-4760-962C-558B05E9F78E}.Release|Any CPU.ActiveCfg = Release|Any CPU
		{54B13571-1BCB-4760-962C-558B05E9F78E}.Release|Any CPU.Build.0 = Release|Any CPU
		{54B13571-1BCB-4760-962C-558B05E9F78E}.Release|x64.ActiveCfg = Release|Any CPU
		{54B13571-1BCB-4760-962C-558B05E9F78E}.Release|x64.Build.0 = Release|Any CPU
		{54B13571-1BCB-4760-962C-558B05E9F78E}.Release|x86.ActiveCfg = Release|Any CPU
		{54B13571-1BCB-4760-962C-558B05E9F78E}.Release|x86.Build.0 = Release|Any CPU
		{A08E9CDE-985E-4E78-BE4C-0E051DCCFFE1}.Debug|Any CPU.ActiveCfg = Debug|x64
		{A08E9CDE-985E-4E78-BE4C-0E051DCCFFE1}.Debug|Any CPU.Build.0 = Debug|x64
		{A08E9CDE-985E-4E78-BE4C-0E051DCCFFE1}.Debug|x64.ActiveCfg = Debug|x64
		{A08E9CDE-985E-4E78-BE4C-0E051DCCFFE1}.Debug|x64.Build.0 = Debug|x64
		{A08E9CDE-985E-4E78-BE4C-0E051DCCFFE1}.Debug|x86.ActiveCfg = Debug|Win32
		{A08E9CDE-985E-4E78-BE4C-0E051DCCFFE1}.Debug|x86.Build.0 = Debug|Win32
		{A08E9CDE-985E-4E78-BE4C-0E051DCCFFE1}.Release|Any CPU.ActiveCfg = Release|x64
		{A08E9CDE-985E-4E78-BE4C-0E051DCCFFE1}.Release|Any CPU.Build.0 = Release|x64
		{A08E9CDE-985E-4E78-BE4C-0E051DCCFFE1}.Release|x64.ActiveCfg = Release|x64
		{A08E9CDE-985E-4E78-BE4C-0E051DCCFFE1}.Release|x64.Build.0 = Release|x64
		{A08E9CDE-985E-4E78-BE4C-0E051DCCFFE1}.Release|x86.ActiveCfg = Release|Win32
		{A08E9CDE-985E-4E78-BE4C-0E051DCCFFE1}.Release|x86.Build.0 = Release|Win32
		{CB52C853-A496-E08F-4C81-29F605846E56}.Debug|Any CPU.ActiveCfg = Debug|x64
		{CB52C853-A496-E08F-4C81-29F605846E56}.Debug|Any CPU.Build.0 = Debug|x64
		{CB52C853-A496-E08F-4C81-29F605846E56}.Debug|Any CPU.Deploy.0 = Debug|x64
		{CB52C853-A496-E08F-4C81-29F605846E56}.Debug|x64.ActiveCfg = Debug|x64
		{CB52C853-A496-E08F-4C81-29F605846E56}.Debug|x64.Build.0 = Debug|x64
		{CB52C853-A496-E08F-4C81-29F605846E56}.Debug|x64.Deploy.0 = Debug|x64
		{CB52C853-A496-E08F-4C81-29F605846E56}.Debug|x86.ActiveCfg = Debug|x64
		{CB52C853-A496-E08F-4C81-29F605846E56}.Debug|x86.Build.0 = Debug|x64
		{CB52C853-A496-E08F-4C81-29F605846E56}.Debug|x86.Deploy.0 = Debug|x64
		{CB52C853-A496-E08F-4C81-29F605846E56}.Release|Any CPU.ActiveCfg = Release|x64
		{CB52C853-A496-E08F-4C81-29F605846E56}.Release|Any CPU.Build.0 = Release|x64
		{CB52C853-A496-E08F-4C81-29F605846E56}.Release|Any CPU.Deploy.0 = Release|x64
		{CB52C853-A496-E08F-4C81-29F605846E56}.Release|x64.ActiveCfg = Release|x64
		{CB52C853-A496-E08F-4C81-29F605846E56}.Release|x64.Build.0 = Release|x64
		{CB52C853-A496-E08F-4C81-29F605846E56}.Release|x64.Deploy.0 = Release|x64
		{CB52C853-A496-E08F-4C81-29F605846E56}.Release|x86.ActiveCfg = Release|x64
		{CB52C853-A496-E08F-4C81-29F605846E56}.Release|x86.Build.0 = Release|x64
		{CB52C853-A496-E08F-4C81-29F605846E56}.Release|x86.Deploy.0 = Release|x64
	EndGlobalSection
	GlobalSection(SolutionProperties) = preSolution
		HideSolutionNode = FALSE
	EndGlobalSection
	GlobalSection(ExtensibilityGlobals) = postSolution
		SolutionGuid = {5DCEEEFC-F635-41B4-A42A-B905BFA614C7}
	EndGlobalSection
EndGlobal
